# Immutable local-dev revision pins observed during the 2026-10-03 architecture audit.
N01 divibisoul/aeternum-core-29 d5a56a3de0f121054b6923127c3af885df243391
N02 divibisoul/Eternium- 1b7a755239766947f4400c4922e5a86639df6a5d
N03 divibisoul/nexus-aeternum-fusion f4a10bf361a1cdf6e1e5de1ff5b1d263275da31c
N04 divibisoul/nextjs-ai-chatbots 24e37a8e8067cf8b2fab8777fa47ff1dde6af3e1
N05 divibisoul/nextjs-ai-chatbot dbcd1db4a265d1e36957f1edf9e0ca2ec49dc980
N06 divibisoul/nextjs-ai-chatbot-2000 7f8ba03db14007710f6b0c6ea2338826c9d5644b
N07 divibisoul/Orquestrador- ca53834a357249e0bb3c29bea49d9e07541da95f
SARA divibisoul/SARA 2da3c965aab4abdf745c0ef545d4d2ca61fd5ad2
